
Microsoft Visual Studio Solution File, Format Version 12.00
# Visual Studio 14
VisualStudioVersion = 14.0.24720.0
MinimumVisualStudioVersion = 10.0.40219.1
Project("{FAE04EC0-301F-11D3-BF4B-00C04F79EFBC}") = "LendingLibrary.Web", "LendingLibrary.Web\LendingLibrary.Web.csproj", "{7AE9F060-4137-4F0B-BC60-9A9564493EEE}"
EndProject
Project("{FAE04EC0-301F-11D3-BF4B-00C04F79EFBC}") = "LendingLibrary.Web.Tests", "LendingLibrary.Web.Tests\LendingLibrary.Web.Tests.csproj", "{496BBBE1-C521-4A47-AD56-03EF6B51BADE}"
EndProject
Project("{FAE04EC0-301F-11D3-BF4B-00C04F79EFBC}") = "LendingLibrary.Domain", "LendingLibrary.Domain\LendingLibrary.Domain.csproj", "{5C167908-1493-42CD-8AD8-A05075532E11}"
EndProject
Project("{FAE04EC0-301F-11D3-BF4B-00C04F79EFBC}") = "LendingLibrary.Domain.Tests", "LendingLibrary.Domain.Tests\LendingLibrary.Domain.Tests.csproj", "{3CCC0DA8-1718-481C-957E-852FF0AC47A3}"
EndProject
Project("{FAE04EC0-301F-11D3-BF4B-00C04F79EFBC}") = "LendingLibrary.DataConstants", "LendingLibrary.DataConstants\LendingLibrary.DataConstants.csproj", "{734EFF78-C7DD-411F-9F0C-83E3C28A5D64}"
EndProject
Project("{FAE04EC0-301F-11D3-BF4B-00C04F79EFBC}") = "LendingLibrary.DBMigrations", "LendingLibrary.DB\LendingLibrary.DBMigrations.csproj", "{2019D053-7A78-4F3A-A8D1-41E767A5CB4C}"
EndProject
Global
	GlobalSection(SolutionConfigurationPlatforms) = preSolution
		Debug|Any CPU = Debug|Any CPU
		Release|Any CPU = Release|Any CPU
	EndGlobalSection
	GlobalSection(ProjectConfigurationPlatforms) = postSolution
		{7AE9F060-4137-4F0B-BC60-9A9564493EEE}.Debug|Any CPU.ActiveCfg = Debug|Any CPU
		{7AE9F060-4137-4F0B-BC60-9A9564493EEE}.Debug|Any CPU.Build.0 = Debug|Any CPU
		{7AE9F060-4137-4F0B-BC60-9A9564493EEE}.Release|Any CPU.ActiveCfg = Release|Any CPU
		{7AE9F060-4137-4F0B-BC60-9A9564493EEE}.Release|Any CPU.Build.0 = Release|Any CPU
		{496BBBE1-C521-4A47-AD56-03EF6B51BADE}.Debug|Any CPU.ActiveCfg = Debug|Any CPU
		{496BBBE1-C521-4A47-AD56-03EF6B51BADE}.Debug|Any CPU.Build.0 = Debug|Any CPU
		{496BBBE1-C521-4A47-AD56-03EF6B51BADE}.Release|Any CPU.ActiveCfg = Release|Any CPU
		{496BBBE1-C521-4A47-AD56-03EF6B51BADE}.Release|Any CPU.Build.0 = Release|Any CPU
		{5C167908-1493-42CD-8AD8-A05075532E11}.Debug|Any CPU.ActiveCfg = Debug|Any CPU
		{5C167908-1493-42CD-8AD8-A05075532E11}.Debug|Any CPU.Build.0 = Debug|Any CPU
		{5C167908-1493-42CD-8AD8-A05075532E11}.Release|Any CPU.ActiveCfg = Release|Any CPU
		{5C167908-1493-42CD-8AD8-A05075532E11}.Release|Any CPU.Build.0 = Release|Any CPU
		{3CCC0DA8-1718-481C-957E-852FF0AC47A3}.Debug|Any CPU.ActiveCfg = Debug|Any CPU
		{3CCC0DA8-1718-481C-957E-852FF0AC47A3}.Debug|Any CPU.Build.0 = Debug|Any CPU
		{3CCC0DA8-1718-481C-957E-852FF0AC47A3}.Release|Any CPU.ActiveCfg = Release|Any CPU
		{3CCC0DA8-1718-481C-957E-852FF0AC47A3}.Release|Any CPU.Build.0 = Release|Any CPU
		{734EFF78-C7DD-411F-9F0C-83E3C28A5D64}.Debug|Any CPU.ActiveCfg = Debug|Any CPU
		{734EFF78-C7DD-411F-9F0C-83E3C28A5D64}.Debug|Any CPU.Build.0 = Debug|Any CPU
		{734EFF78-C7DD-411F-9F0C-83E3C28A5D64}.Release|Any CPU.ActiveCfg = Release|Any CPU
		{734EFF78-C7DD-411F-9F0C-83E3C28A5D64}.Release|Any CPU.Build.0 = Release|Any CPU
		{2019D053-7A78-4F3A-A8D1-41E767A5CB4C}.Debug|Any CPU.ActiveCfg = Debug|Any CPU
		{2019D053-7A78-4F3A-A8D1-41E767A5CB4C}.Debug|Any CPU.Build.0 = Debug|Any CPU
		{2019D053-7A78-4F3A-A8D1-41E767A5CB4C}.Release|Any CPU.ActiveCfg = Release|Any CPU
		{2019D053-7A78-4F3A-A8D1-41E767A5CB4C}.Release|Any CPU.Build.0 = Release|Any CPU
	EndGlobalSection
	GlobalSection(SolutionProperties) = preSolution
		HideSolutionNode = FALSE
	EndGlobalSection
EndGlobal
